
Microsoft Visual Studio Solution File, Format Version 12.00
# Visual Studio Version 16
VisualStudioVersion = 16.0.30804.86
MinimumVisualStudioVersion = 10.0.40219.1
Project("{FAE04EC0-301F-11D3-BF4B-00C04F79EFBC}") = "XamarinPAD.Android", "XamarinPAD\XamarinPAD.Android\XamarinPAD.Android.csproj", "{AF1F3407-3237-4CBD-B5EC-63A50A9AD60B}"
EndProject
Project("{FAE04EC0-301F-11D3-BF4B-00C04F79EFBC}") = "XamarinPAD.iOS", "XamarinPAD\XamarinPAD.iOS\XamarinPAD.iOS.csproj", "{AEA101E6-780C-4E5D-9C8B-703C1CE112AC}"
EndProject
Project("{FAE04EC0-301F-11D3-BF4B-00C04F79EFBC}") = "XamarinPAD", "XamarinPAD\XamarinPAD\XamarinPAD.csproj", "{F5418F7C-4D41-40D3-AB39-835587BBE100}"
EndProject
Global
	GlobalSection(SolutionConfigurationPlatforms) = preSolution
		Debug|Any CPU = Debug|Any CPU
		Debug|iPhone = Debug|iPhone
		Debug|iPhoneSimulator = Debug|iPhoneSimulator
		Release|Any CPU = Release|Any CPU
		Release|iPhone = Release|iPhone
		Release|iPhoneSimulator = Release|iPhoneSimulator
	EndGlobalSection
	GlobalSection(ProjectConfigurationPlatforms) = postSolution
		{AF1F3407-3237-4CBD-B5EC-63A50A9AD60B}.Debug|Any CPU.ActiveCfg = Debug|Any CPU
		{AF1F3407-3237-4CBD-B5EC-63A50A9AD60B}.Debug|Any CPU.Build.0 = Debug|Any CPU
		{AF1F3407-3237-4CBD-B5EC-63A50A9AD60B}.Debug|Any CPU.Deploy.0 = Debug|Any CPU
		{AF1F3407-3237-4CBD-B5EC-63A50A9AD60B}.Debug|iPhone.ActiveCfg = Debug|Any CPU
		{AF1F3407-3237-4CBD-B5EC-63A50A9AD60B}.Debug|iPhone.Build.0 = Debug|Any CPU
		{AF1F3407-3237-4CBD-B5EC-63A50A9AD60B}.Debug|iPhone.Deploy.0 = Debug|Any CPU
		{AF1F3407-3237-4CBD-B5EC-63A50A9AD60B}.Debug|iPhoneSimulator.ActiveCfg = Debug|Any CPU
		{AF1F3407-3237-4CBD-B5EC-63A50A9AD60B}.Debug|iPhoneSimulator.Build.0 = Debug|Any CPU
		{AF1F3407-3237-4CBD-B5EC-63A50A9AD60B}.Debug|iPhoneSimulator.Deploy.0 = Debug|Any CPU
		{AF1F3407-3237-4CBD-B5EC-63A50A9AD60B}.Release|Any CPU.ActiveCfg = Release|Any CPU
		{AF1F3407-3237-4CBD-B5EC-63A50A9AD60B}.Release|Any CPU.Build.0 = Release|Any CPU
		{AF1F3407-3237-4CBD-B5EC-63A50A9AD60B}.Release|Any CPU.Deploy.0 = Release|Any CPU
		{AF1F3407-3237-4CBD-B5EC-63A50A9AD60B}.Release|iPhone.ActiveCfg = Release|Any CPU
		{AF1F3407-3237-4CBD-B5EC-63A50A9AD60B}.Release|iPhone.Build.0 = Release|Any CPU
		{AF1F3407-3237-4CBD-B5EC-63A50A9AD60B}.Release|iPhone.Deploy.0 = Release|Any CPU
		{AF1F3407-3237-4CBD-B5EC-63A50A9AD60B}.Release|iPhoneSimulator.ActiveCfg = Release|Any CPU
		{AF1F3407-3237-4CBD-B5EC-63A50A9AD60B}.Release|iPhoneSimulator.Build.0 = Release|Any CPU
		{AF1F3407-3237-4CBD-B5EC-63A50A9AD60B}.Release|iPhoneSimulator.Deploy.0 = Release|Any CPU
		{AEA101E6-780C-4E5D-9C8B-703C1CE112AC}.Debug|Any CPU.ActiveCfg = Debug|iPhone
		{AEA101E6-780C-4E5D-9C8B-703C1CE112AC}.Debug|Any CPU.Build.0 = Debug|iPhone
		{AEA101E6-780C-4E5D-9C8B-703C1CE112AC}.Debug|Any CPU.Deploy.0 = Debug|iPhone
		{AEA101E6-780C-4E5D-9C8B-703C1CE112AC}.Debug|iPhone.ActiveCfg = Debug|iPhone
		{AEA101E6-780C-4E5D-9C8B-703C1CE112AC}.Debug|iPhone.Build.0 = Debug|iPhone
		{AEA101E6-780C-4E5D-9C8B-703C1CE112AC}.Debug|iPhone.Deploy.0 = Debug|iPhone
		{AEA101E6-780C-4E5D-9C8B-703C1CE112AC}.Debug|iPhoneSimulator.ActiveCfg = Debug|iPhoneSimulator
		{AEA101E6-780C-4E5D-9C8B-703C1CE112AC}.Debug|iPhoneSimulator.Build.0 = Debug|iPhoneSimulator
		{AEA101E6-780C-4E5D-9C8B-703C1CE112AC}.Debug|iPhoneSimulator.Deploy.0 = Debug|iPhoneSimulator
		{AEA101E6-780C-4E5D-9C8B-703C1CE112AC}.Release|Any CPU.ActiveCfg = Release|iPhoneSimulator
		{AEA101E6-780C-4E5D-9C8B-703C1CE112AC}.Release|Any CPU.Build.0 = Release|iPhoneSimulator
		{AEA101E6-780C-4E5D-9C8B-703C1CE112AC}.Release|Any CPU.Deploy.0 = Release|iPhoneSimulator
		{AEA101E6-780C-4E5D-9C8B-703C1CE112AC}.Release|iPhone.ActiveCfg = Release|iPhone
		{AEA101E6-780C-4E5D-9C8B-703C1CE112AC}.Release|iPhone.Build.0 = Release|iPhone
		{AEA101E6-780C-4E5D-9C8B-703C1CE112AC}.Release|iPhone.Deploy.0 = Release|iPhone
		{AEA101E6-780C-4E5D-9C8B-703C1CE112AC}.Release|iPhoneSimulator.ActiveCfg = Release|iPhoneSimulator
		{AEA101E6-780C-4E5D-9C8B-703C1CE112AC}.Release|iPhoneSimulator.Build.0 = Release|iPhoneSimulator
		{AEA101E6-780C-4E5D-9C8B-703C1CE112AC}.Release|iPhoneSimulator.Deploy.0 = Release|iPhoneSimulator
		{F5418F7C-4D41-40D3-AB39-835587BBE100}.Debug|Any CPU.ActiveCfg = Debug|Any CPU
		{F5418F7C-4D41-40D3-AB39-835587BBE100}.Debug|Any CPU.Build.0 = Debug|Any CPU
		{F5418F7C-4D41-40D3-AB39-835587BBE100}.Debug|Any CPU.Deploy.0 = Debug|Any CPU
		{F5418F7C-4D41-40D3-AB39-835587BBE100}.Debug|iPhone.ActiveCfg = Debug|Any CPU
		{F5418F7C-4D41-40D3-AB39-835587BBE100}.Debug|iPhone.Build.0 = Debug|Any CPU
		{F5418F7C-4D41-40D3-AB39-835587BBE100}.Debug|iPhone.Deploy.0 = Debug|Any CPU
		{F5418F7C-4D41-40D3-AB39-835587BBE100}.Debug|iPhoneSimulator.ActiveCfg = Debug|Any CPU
		{F5418F7C-4D41-40D3-AB39-835587BBE100}.Debug|iPhoneSimulator.Build.0 = Debug|Any CPU
		{F5418F7C-4D41-40D3-AB39-835587BBE100}.Debug|iPhoneSimulator.Deploy.0 = Debug|Any CPU
		{F5418F7C-4D41-40D3-AB39-835587BBE100}.Release|Any CPU.ActiveCfg = Release|Any CPU
		{F5418F7C-4D41-40D3-AB39-835587BBE100}.Release|Any CPU.Build.0 = Release|Any CPU
		{F5418F7C-4D41-40D3-AB39-835587BBE100}.Release|Any CPU.Deploy.0 = Release|Any CPU
		{F5418F7C-4D41-40D3-AB39-835587BBE100}.Release|iPhone.ActiveCfg = Release|Any CPU
		{F5418F7C-4D41-40D3-AB39-835587BBE100}.Release|iPhone.Build.0 = Release|Any CPU
		{F5418F7C-4D41-40D3-AB39-835587BBE100}.Release|iPhone.Deploy.0 = Release|Any CPU
		{F5418F7C-4D41-40D3-AB39-835587BBE100}.Release|iPhoneSimulator.ActiveCfg = Release|Any CPU
		{F5418F7C-4D41-40D3-AB39-835587BBE100}.Release|iPhoneSimulator.Build.0 = Release|Any CPU
		{F5418F7C-4D41-40D3-AB39-835587BBE100}.Release|iPhoneSimulator.Deploy.0 = Release|Any CPU
	EndGlobalSection
	GlobalSection(SolutionProperties) = preSolution
		HideSolutionNode = FALSE
	EndGlobalSection
	GlobalSection(ExtensibilityGlobals) = postSolution
		SolutionGuid = {1A4C59EC-4BF5-4A17-B839-05D58A5C332F}
	EndGlobalSection
EndGlobal
